
Microsoft Visual Studio Solution File, Format Version 12.00
# Visual Studio Version 16
VisualStudioVersion = 16.0.29503.13
MinimumVisualStudioVersion = 10.0.40219.1
Project("{9A19103F-16F7-4668-BE54-9A1E7A4F7556}") = "Infrastructure", "Infrastructure\Infrastructure.csproj", "{EE1BC200-C23A-4B86-A34D-4D9CA152A4F3}"
EndProject
Project("{9A19103F-16F7-4668-BE54-9A1E7A4F7556}") = "Domains", "Domains\Domains.csproj", "{62BE7078-4B4A-43AC-B42B-8AB436D7C9C0}"
EndProject
Project("{9A19103F-16F7-4668-BE54-9A1E7A4F7556}") = "Services", "Services\Services.csproj", "{88C99338-1DAE-4410-80F6-D6CBFC4A13E9}"
EndProject
Project("{9A19103F-16F7-4668-BE54-9A1E7A4F7556}") = "Mappings", "Mappings\Mappings.csproj", "{18DBFEB4-9640-47C4-A20B-3BEAEB4C7A70}"
EndProject
Project("{9A19103F-16F7-4668-BE54-9A1E7A4F7556}") = "Repository", "Repository\Repository.csproj", "{9BFCDA95-BC56-4AEF-A029-D5694056F1D9}"
EndProject
Project("{9A19103F-16F7-4668-BE54-9A1E7A4F7556}") = "Seed", "Seed\Seed.csproj", "{4E3A9CC0-CD66-481B-93A1-893832757EFC}"
EndProject
Project("{FAE04EC0-301F-11D3-BF4B-00C04F79EFBC}") = "Gateway", "Gateway\Gateway.csproj", "{04CD4E6E-A1F3-44F9-9D15-CB76B695974A}"
EndProject
Global
	GlobalSection(SolutionConfigurationPlatforms) = preSolution
		Debug|Any CPU = Debug|Any CPU
		Release|Any CPU = Release|Any CPU
	EndGlobalSection
	GlobalSection(ProjectConfigurationPlatforms) = postSolution
		{EE1BC200-C23A-4B86-A34D-4D9CA152A4F3}.Debug|Any CPU.ActiveCfg = Debug|Any CPU
		{EE1BC200-C23A-4B86-A34D-4D9CA152A4F3}.Debug|Any CPU.Build.0 = Debug|Any CPU
		{EE1BC200-C23A-4B86-A34D-4D9CA152A4F3}.Release|Any CPU.ActiveCfg = Release|Any CPU
		{EE1BC200-C23A-4B86-A34D-4D9CA152A4F3}.Release|Any CPU.Build.0 = Release|Any CPU
		{62BE7078-4B4A-43AC-B42B-8AB436D7C9C0}.Debug|Any CPU.ActiveCfg = Debug|Any CPU
		{62BE7078-4B4A-43AC-B42B-8AB436D7C9C0}.Debug|Any CPU.Build.0 = Debug|Any CPU
		{62BE7078-4B4A-43AC-B42B-8AB436D7C9C0}.Release|Any CPU.ActiveCfg = Release|Any CPU
		{62BE7078-4B4A-43AC-B42B-8AB436D7C9C0}.Release|Any CPU.Build.0 = Release|Any CPU
		{88C99338-1DAE-4410-80F6-D6CBFC4A13E9}.Debug|Any CPU.ActiveCfg = Debug|Any CPU
		{88C99338-1DAE-4410-80F6-D6CBFC4A13E9}.Debug|Any CPU.Build.0 = Debug|Any CPU
		{88C99338-1DAE-4410-80F6-D6CBFC4A13E9}.Release|Any CPU.ActiveCfg = Release|Any CPU
		{88C99338-1DAE-4410-80F6-D6CBFC4A13E9}.Release|Any CPU.Build.0 = Release|Any CPU
		{18DBFEB4-9640-47C4-A20B-3BEAEB4C7A70}.Debug|Any CPU.ActiveCfg = Debug|Any CPU
		{18DBFEB4-9640-47C4-A20B-3BEAEB4C7A70}.Debug|Any CPU.Build.0 = Debug|Any CPU
		{18DBFEB4-9640-47C4-A20B-3BEAEB4C7A70}.Release|Any CPU.ActiveCfg = Release|Any CPU
		{18DBFEB4-9640-47C4-A20B-3BEAEB4C7A70}.Release|Any CPU.Build.0 = Release|Any CPU
		{9BFCDA95-BC56-4AEF-A029-D5694056F1D9}.Debug|Any CPU.ActiveCfg = Debug|Any CPU
		{9BFCDA95-BC56-4AEF-A029-D5694056F1D9}.Debug|Any CPU.Build.0 = Debug|Any CPU
		{9BFCDA95-BC56-4AEF-A029-D5694056F1D9}.Release|Any CPU.ActiveCfg = Release|Any CPU
		{9BFCDA95-BC56-4AEF-A029-D5694056F1D9}.Release|Any CPU.Build.0 = Release|Any CPU
		{4E3A9CC0-CD66-481B-93A1-893832757EFC}.Debug|Any CPU.ActiveCfg = Debug|Any CPU
		{4E3A9CC0-CD66-481B-93A1-893832757EFC}.Debug|Any CPU.Build.0 = Debug|Any CPU
		{4E3A9CC0-CD66-481B-93A1-893832757EFC}.Release|Any CPU.ActiveCfg = Release|Any CPU
		{4E3A9CC0-CD66-481B-93A1-893832757EFC}.Release|Any CPU.Build.0 = Release|Any CPU
		{04CD4E6E-A1F3-44F9-9D15-CB76B695974A}.Debug|Any CPU.ActiveCfg = Debug|Any CPU
		{04CD4E6E-A1F3-44F9-9D15-CB76B695974A}.Debug|Any CPU.Build.0 = Debug|Any CPU
		{04CD4E6E-A1F3-44F9-9D15-CB76B695974A}.Release|Any CPU.ActiveCfg = Release|Any CPU
		{04CD4E6E-A1F3-44F9-9D15-CB76B695974A}.Release|Any CPU.Build.0 = Release|Any CPU
	EndGlobalSection
	GlobalSection(SolutionProperties) = preSolution
		HideSolutionNode = FALSE
	EndGlobalSection
	GlobalSection(ExtensibilityGlobals) = postSolution
		SolutionGuid = {186DA60A-52E5-4426-8D8E-C803CBC937DD}
	EndGlobalSection
EndGlobal
